
Microsoft Visual Studio Solution File, Format Version 12.00
# Visual Studio 15
VisualStudioVersion = 15.0.28307.168
MinimumVisualStudioVersion = 10.0.40219.1
Project("{FAE04EC0-301F-11D3-BF4B-00C04F79EFBC}") = "ControlBancario", "ControlBancario\ControlBancario.csproj", "{C4AE3DDE-DB46-4305-AAAE-6B53F55B1261}"
EndProject
Project("{FAE04EC0-301F-11D3-BF4B-00C04F79EFBC}") = "BLL", "BLL\BLL.csproj", "{69998787-AF1E-4016-8433-281149533870}"
EndProject
Project("{FAE04EC0-301F-11D3-BF4B-00C04F79EFBC}") = "DAL", "DAL\DAL.csproj", "{F2C7018B-7BAD-4C89-BE7F-514889C21BFB}"
EndProject
Project("{FAE04EC0-301F-11D3-BF4B-00C04F79EFBC}") = "Entidades", "Entidades\Entidades.csproj", "{5B9A8CB9-DED5-4E94-9861-D4121651E594}"
EndProject
Global
	GlobalSection(SolutionConfigurationPlatforms) = preSolution
		Debug|Any CPU = Debug|Any CPU
		Release|Any CPU = Release|Any CPU
	EndGlobalSection
	GlobalSection(ProjectConfigurationPlatforms) = postSolution
		{C4AE3DDE-DB46-4305-AAAE-6B53F55B1261}.Debug|Any CPU.ActiveCfg = Debug|Any CPU
		{C4AE3DDE-DB46-4305-AAAE-6B53F55B1261}.Debug|Any CPU.Build.0 = Debug|Any CPU
		{C4AE3DDE-DB46-4305-AAAE-6B53F55B1261}.Release|Any CPU.ActiveCfg = Release|Any CPU
		{C4AE3DDE-DB46-4305-AAAE-6B53F55B1261}.Release|Any CPU.Build.0 = Release|Any CPU
		{69998787-AF1E-4016-8433-281149533870}.Debug|Any CPU.ActiveCfg = Debug|Any CPU
		{69998787-AF1E-4016-8433-281149533870}.Debug|Any CPU.Build.0 = Debug|Any CPU
		{69998787-AF1E-4016-8433-281149533870}.Release|Any CPU.ActiveCfg = Release|Any CPU
		{69998787-AF1E-4016-8433-281149533870}.Release|Any CPU.Build.0 = Release|Any CPU
		{F2C7018B-7BAD-4C89-BE7F-514889C21BFB}.Debug|Any CPU.ActiveCfg = Debug|Any CPU
		{F2C7018B-7BAD-4C89-BE7F-514889C21BFB}.Debug|Any CPU.Build.0 = Debug|Any CPU
		{F2C7018B-7BAD-4C89-BE7F-514889C21BFB}.Release|Any CPU.ActiveCfg = Release|Any CPU
		{F2C7018B-7BAD-4C89-BE7F-514889C21BFB}.Release|Any CPU.Build.0 = Release|Any CPU
		{5B9A8CB9-DED5-4E94-9861-D4121651E594}.Debug|Any CPU.ActiveCfg = Debug|Any CPU
		{5B9A8CB9-DED5-4E94-9861-D4121651E594}.Debug|Any CPU.Build.0 = Debug|Any CPU
		{5B9A8CB9-DED5-4E94-9861-D4121651E594}.Release|Any CPU.ActiveCfg = Release|Any CPU
		{5B9A8CB9-DED5-4E94-9861-D4121651E594}.Release|Any CPU.Build.0 = Release|Any CPU
	EndGlobalSection
	GlobalSection(SolutionProperties) = preSolution
		HideSolutionNode = FALSE
	EndGlobalSection
	GlobalSection(ExtensibilityGlobals) = postSolution
		SolutionGuid = {208ABCF1-18BE-4EBF-80B9-8C7C5C8FAD55}
	EndGlobalSection
EndGlobal
